
Microsoft Visual Studio Solution File, Format Version 12.00
# Visual Studio Version 17
VisualStudioVersion = 17.14.36310.24
MinimumVisualStudioVersion = 10.0.40219.1
Project("{FAE04EC0-301F-11D3-BF4B-00C04F79EFBC}") = "PathTwicker", "PathTwicker\PathTwicker.csproj", "{EF42D412-C892-4231-A5C4-9BB4A354CA82}"
EndProject
Project("{FAE04EC0-301F-11D3-BF4B-00C04F79EFBC}") = "SVGPathTweak.Tests", "SVGPathTweak.Tests\SVGPathTweak.Tests.csproj", "{00426B88-1586-45FB-8B1F-F8374059516D}"
EndProject
Global
	GlobalSection(SolutionConfigurationPlatforms) = preSolution
		Debug|Any CPU = Debug|Any CPU
		Release|Any CPU = Release|Any CPU
	EndGlobalSection
	GlobalSection(ProjectConfigurationPlatforms) = postSolution
		{EF42D412-C892-4231-A5C4-9BB4A354CA82}.Debug|Any CPU.ActiveCfg = Debug|Any CPU
		{EF42D412-C892-4231-A5C4-9BB4A354CA82}.Debug|Any CPU.Build.0 = Debug|Any CPU
		{EF42D412-C892-4231-A5C4-9BB4A354CA82}.Release|Any CPU.ActiveCfg = Release|Any CPU
		{EF42D412-C892-4231-A5C4-9BB4A354CA82}.Release|Any CPU.Build.0 = Release|Any CPU
		{00426B88-1586-45FB-8B1F-F8374059516D}.Debug|Any CPU.ActiveCfg = Debug|Any CPU
		{00426B88-1586-45FB-8B1F-F8374059516D}.Debug|Any CPU.Build.0 = Debug|Any CPU
		{00426B88-1586-45FB-8B1F-F8374059516D}.Release|Any CPU.ActiveCfg = Release|Any CPU
		{00426B88-1586-45FB-8B1F-F8374059516D}.Release|Any CPU.Build.0 = Release|Any CPU
	EndGlobalSection
	GlobalSection(SolutionProperties) = preSolution
		HideSolutionNode = FALSE
	EndGlobalSection
	GlobalSection(ExtensibilityGlobals) = postSolution
		SolutionGuid = {B9282F72-3BA7-4005-AD0B-9A6E63522511}
	EndGlobalSection
EndGlobal
